
Microsoft Visual Studio Solution File, Format Version 12.00
# Visual Studio Version 17
VisualStudioVersion = 17.8.34525.116
MinimumVisualStudioVersion = 10.0.40219.1
Project("{9A19103F-16F7-4668-BE54-9A1E7A4F7556}") = "Fall2024-Assignment3-scwood4", "Fall2024-Assignment3-scwood4\Fall2024-Assignment3-scwood4.csproj", "{A0270945-6551-4580-8076-F3DDA1AA87A7}"
EndProject
Global
	GlobalSection(SolutionConfigurationPlatforms) = preSolution
		Debug|Any CPU = Debug|Any CPU
		Release|Any CPU = Release|Any CPU
	EndGlobalSection
	GlobalSection(ProjectConfigurationPlatforms) = postSolution
		{A0270945-6551-4580-8076-F3DDA1AA87A7}.Debug|Any CPU.ActiveCfg = Debug|Any CPU
		{A0270945-6551-4580-8076-F3DDA1AA87A7}.Debug|Any CPU.Build.0 = Debug|Any CPU
		{A0270945-6551-4580-8076-F3DDA1AA87A7}.Release|Any CPU.ActiveCfg = Release|Any CPU
		{A0270945-6551-4580-8076-F3DDA1AA87A7}.Release|Any CPU.Build.0 = Release|Any CPU
	EndGlobalSection
	GlobalSection(SolutionProperties) = preSolution
		HideSolutionNode = FALSE
	EndGlobalSection
	GlobalSection(ExtensibilityGlobals) = postSolution
		SolutionGuid = {969B7AA6-796E-4733-A358-9C96BD1CF89A}
	EndGlobalSection
EndGlobal
